// !$*UTF8*$!
{
	archiveVersion = 1;
	classes = {
	};
	objectVersion = 50;
	objects = {

/* Begin PBXBuildFile section */
		03B3F95B22A9F2450019BBBB /* AppDelegate.m in Sources */ = {isa = PBXBuildFile; fileRef = 03B3F95A22A9F2450019BBBB /* AppDelegate.m */; };
		03B3F95E22A9F2450019BBBB /* ViewController.m in Sources */ = {isa = PBXBuildFile; fileRef = 03B3F95D22A9F2450019BBBB /* ViewController.m */; };
		03B3F96122A9F2450019BBBB /* Main.storyboard in Resources */ = {isa = PBXBuildFile; fileRef = 03B3F95F22A9F2450019BBBB /* Main.storyboard */; };
		03B3F96422A9F2450019BBBB /* EnjoySplicing.xcdatamodeld in Sources */ = {isa = PBXBuildFile; fileRef = 03B3F96222A9F2450019BBBB /* EnjoySplicing.xcdatamodeld */; };
		03B3F96622A9F2460019BBBB /* Assets.xcassets in Resources */ = {isa = PBXBuildFile; fileRef = 03B3F96522A9F2460019BBBB /* Assets.xcassets */; };
		03B3F96922A9F2460019BBBB /* LaunchScreen.storyboard in Resources */ = {isa = PBXBuildFile; fileRef = 03B3F96722A9F2460019BBBB /* LaunchScreen.storyboard */; };
		03B3F96C22A9F2460019BBBB /* main.m in Sources */ = {isa = PBXBuildFile; fileRef = 03B3F96B22A9F2460019BBBB /* main.m */; };
		03B3F97622A9F2460019BBBB /* EnjoySplicingTests.m in Sources */ = {isa = PBXBuildFile; fileRef = 03B3F97522A9F2460019BBBB /* EnjoySplicingTests.m */; };
		03B3F98122A9F2460019BBBB /* EnjoySplicingUITests.m in Sources */ = {isa = PBXBuildFile; fileRef = 03B3F98022A9F2460019BBBB /* EnjoySplicingUITests.m */; };
/* End PBXBuildFile section */

/* Begin PBXContainerItemProxy section */
		03B3F97222A9F2460019BBBB /* PBXContainerItemProxy */ = {
			isa = PBXContainerItemProxy;
			containerPortal = 03B3F94E22A9F2450019BBBB /* Project object */;
			proxyType = 1;
			remoteGlobalIDString = 03B3F95522A9F2450019BBBB;
			remoteInfo = EnjoySplicing;
		};
		03B3F97D22A9F2460019BBBB /* PBXContainerItemProxy */ = {
			isa = PBXContainerItemProxy;
			containerPortal = 03B3F94E22A9F2450019BBBB /* Project object */;
			proxyType = 1;
			remoteGlobalIDString = 03B3F95522A9F2450019BBBB;
			remoteInfo = EnjoySplicing;
		};
/* End PBXContainerItemProxy section */

/* Begin PBXFileReference section */
		03B3F95622A9F2450019BBBB /* EnjoySplicing.app */ = {isa = PBXFileReference; explicitFileType = wrapper.application; includeInIndex = 0; path = EnjoySplicing.app; sourceTree = BUILT_PRODUCTS_DIR; };
		03B3F95922A9F2450019BBBB /* AppDelegate.h */ = {isa = PBXFileReference; lastKnownFileType = sourcecode.c.h; path = AppDelegate.h; sourceTree = "<group>"; };
		03B3F95A22A9F2450019BBBB /* AppDelegate.m */ = {isa = PBXFileReference; lastKnownFileType = sourcecode.c.objc; path = AppDelegate.m; sourceTree = "<group>"; };
		03B3F95C22A9F2450019BBBB /* ViewController.h */ = {isa = PBXFileReference; lastKnownFileType = sourcecode.c.h; path = ViewController.h; sourceTree = "<group>"; };
		03B3F95D22A9F2450019BBBB /* ViewController.m */ = {isa = PBXFileReference; lastKnownFileType = sourcecode.c.objc; path = ViewController.m; sourceTree = "<group>"; };
		03B3F96022A9F2450019BBBB /* Base */ = {isa = PBXFileReference; lastKnownFileType = file.storyboard; name = Base; path = Base.lproj/Main.storyboard; sourceTree = "<group>"; };
		03B3F96322A9F2450019BBBB /* EnjoySplicing.xcdatamodel */ = {isa = PBXFileReference; lastKnownFileType = wrapper.xcdatamodel; path = EnjoySplicing.xcdatamodel; sourceTree = "<group>"; };
		03B3F96522A9F2460019BBBB /* Assets.xcassets */ = {isa = PBXFileReference; lastKnownFileType = folder.assetcatalog; path = Assets.xcassets; sourceTree = "<group>"; };
		03B3F96822A9F2460019BBBB /* Base */ = {isa = PBXFileReference; lastKnownFileType = file.storyboard; name = Base; path = Base.lproj/LaunchScreen.storyboard; sourceTree = "<group>"; };
		03B3F96A22A9F2460019BBBB /* Info.plist */ = {isa = PBXFileReference; lastKnownFileType = text.plist.xml; path = Info.plist; sourceTree = "<group>"; };
		03B3F96B22A9F2460019BBBB /* main.m */ = {isa = PBXFileReference; lastKnownFileType = sourcecode.c.objc; path = main.m; sourceTree = "<group>"; };
		03B3F97122A9F2460019BBBB /* EnjoySplicingTests.xctest */ = {isa = PBXFileReference; explicitFileType = wrapper.cfbundle; includeInIndex = 0; path = EnjoySplicingTests.xctest; sourceTree = BUILT_PRODUCTS_DIR; };
		03B3F97522A9F2460019BBBB /* EnjoySplicingTests.m */ = {isa = PBXFileReference; lastKnownFileType = sourcecode.c.objc; path = EnjoySplicingTests.m; sourceTree = "<group>"; };
		03B3F97722A9F2460019BBBB /* Info.plist */ = {isa = PBXFileReference; lastKnownFileType = text.plist.xml; path = Info.plist; sourceTree = "<group>"; };
		03B3F97C22A9F2460019BBBB /* EnjoySplicingUITests.xctest */ = {isa = PBXFileReference; explicitFileType = wrapper.cfbundle; includeInIndex = 0; path = EnjoySplicingUITests.xctest; sourceTree = BUILT_PRODUCTS_DIR; };
		03B3F98022A9F2460019BBBB /* EnjoySplicingUITests.m */ = {isa = PBXFileReference; lastKnownFileType = sourcecode.c.objc; path = EnjoySplicingUITests.m; sourceTree = "<group>"; };
		03B3F98222A9F2460019BBBB /* Info.plist */ = {isa = PBXFileReference; lastKnownFileType = text.plist.xml; path = Info.plist; sourceTree = "<group>"; };
/* End PBXFileReference section */

/* Begin PBXFrameworksBuildPhase section */
		03B3F95322A9F2450019BBBB /* Frameworks */ = {
			isa = PBXFrameworksBuildPhase;
			buildActionMask = 2147483647;
			files = (
			);
			runOnlyForDeploymentPostprocessing = 0;
		};
		03B3F96E22A9F2460019BBBB /* Frameworks */ = {
			isa = PBXFrameworksBuildPhase;
			buildActionMask = 2147483647;
			files = (
			);
			runOnlyForDeploymentPostprocessing = 0;
		};
		03B3F97922A9F2460019BBBB /* Frameworks */ = {
			isa = PBXFrameworksBuildPhase;
			buildActionMask = 2147483647;
			files = (
			);
			runOnlyForDeploymentPostprocessing = 0;
		};
/* End PBXFrameworksBuildPhase section */

/* Begin PBXGroup section */
		03B3F94D22A9F2450019BBBB = {
			isa = PBXGroup;
			children = (
				03B3F95822A9F2450019BBBB /* EnjoySplicing */,
				03B3F97422A9F2460019BBBB /* EnjoySplicingTests */,
				03B3F97F22A9F2460019BBBB /* EnjoySplicingUITests */,
				03B3F95722A9F2450019BBBB /* Products */,
			);
			sourceTree = "<group>";
		};
		03B3F95722A9F2450019BBBB /* Products */ = {
			isa = PBXGroup;
			children = (
				03B3F95622A9F2450019BBBB /* EnjoySplicing.app */,
				03B3F97122A9F2460019BBBB /* EnjoySplicingTests.xctest */,
				03B3F97C22A9F2460019BBBB /* EnjoySplicingUITests.xctest */,
			);
			name = Products;
			sourceTree = "<group>";
		};
		03B3F95822A9F2450019BBBB /* EnjoySplicing */ = {
			isa = PBXGroup;
			children = (
				03B3F95922A9F2450019BBBB /* AppDelegate.h */,
				03B3F95A22A9F2450019BBBB /* AppDelegate.m */,
				03B3F95C22A9F2450019BBBB /* ViewController.h */,
				03B3F95D22A9F2450019BBBB /* ViewController.m */,
				03B3F95F22A9F2450019BBBB /* Main.storyboard */,
				03B3F96522A9F2460019BBBB /* Assets.xcassets */,
				03B3F96722A9F2460019BBBB /* LaunchScreen.storyboard */,
				03B3F96A22A9F2460019BBBB /* Info.plist */,
				03B3F96B22A9F2460019BBBB /* main.m */,
				03B3F96222A9F2450019BBBB /* EnjoySplicing.xcdatamodeld */,
			);
			path = EnjoySplicing;
			sourceTree = "<group>";
		};
		03B3F97422A9F2460019BBBB /* EnjoySplicingTests */ = {
			isa = PBXGroup;
			children = (
				03B3F97522A9F2460019BBBB /* EnjoySplicingTests.m */,
				03B3F97722A9F2460019BBBB /* Info.plist */,
			);
			path = EnjoySplicingTests;
			sourceTree = "<group>";
		};
		03B3F97F22A9F2460019BBBB /* EnjoySplicingUITests */ = {
			isa = PBXGroup;
			children = (
				03B3F98022A9F2460019BBBB /* EnjoySplicingUITests.m */,
				03B3F98222A9F2460019BBBB /* Info.plist */,
			);
			path = EnjoySplicingUITests;
			sourceTree = "<group>";
		};
/* End PBXGroup section */

/* Begin PBXNativeTarget section */
		03B3F95522A9F2450019BBBB /* EnjoySplicing */ = {
			isa = PBXNativeTarget;
			buildConfigurationList = 03B3F98522A9F2460019BBBB /* Build configuration list for PBXNativeTarget "EnjoySplicing" */;
			buildPhases = (
				03B3F95222A9F2450019BBBB /* Sources */,
				03B3F95322A9F2450019BBBB /* Frameworks */,
				03B3F95422A9F2450019BBBB /* Resources */,
			);
			buildRules = (
			);
			dependencies = (
			);
			name = EnjoySplicing;
			productName = EnjoySplicing;
			productReference = 03B3F95622A9F2450019BBBB /* EnjoySplicing.app */;
			productType = "com.apple.product-type.application";
		};
		03B3F97022A9F2460019BBBB /* EnjoySplicingTests */ = {
			isa = PBXNativeTarget;
			buildConfigurationList = 03B3F98822A9F2460019BBBB /* Build configuration list for PBXNativeTarget "EnjoySplicingTests" */;
			buildPhases = (
				03B3F96D22A9F2460019BBBB /* Sources */,
				03B3F96E22A9F2460019BBBB /* Frameworks */,
				03B3F96F22A9F2460019BBBB /* Resources */,
			);
			buildRules = (
			);
			dependencies = (
				03B3F97322A9F2460019BBBB /* PBXTargetDependency */,
			);
			name = EnjoySplicingTests;
			productName = EnjoySplicingTests;
			productReference = 03B3F97122A9F2460019BBBB /* EnjoySplicingTests.xctest */;
			productType = "com.apple.product-type.bundle.unit-test";
		};
		03B3F97B22A9F2460019BBBB /* EnjoySplicingUITests */ = {
			isa = PBXNativeTarget;
			buildConfigurationList = 03B3F98B22A9F2460019BBBB /* Build configuration list for PBXNativeTarget "EnjoySplicingUITests" */;
			buildPhases = (
				03B3F97822A9F2460019BBBB /* Sources */,
				03B3F97922A9F2460019BBBB /* Frameworks */,
				03B3F97A22A9F2460019BBBB /* Resources */,
			);
			buildRules = (
			);
			dependencies = (
				03B3F97E22A9F2460019BBBB /* PBXTargetDependency */,
			);
			name = EnjoySplicingUITests;
			productName = EnjoySplicingUITests;
			productReference = 03B3F97C22A9F2460019BBBB /* EnjoySplicingUITests.xctest */;
			productType = "com.apple.product-type.bundle.ui-testing";
		};
/* End PBXNativeTarget section */

/* Begin PBXProject section */
		03B3F94E22A9F2450019BBBB /* Project object */ = {
			isa = PBXProject;
			attributes = {
				LastUpgradeCheck = 1010;
				ORGANIZATIONNAME = EnjoySplicing;
				TargetAttributes = {
					03B3F95522A9F2450019BBBB = {
						CreatedOnToolsVersion = 10.1;
					};
					03B3F97022A9F2460019BBBB = {
						CreatedOnToolsVersion = 10.1;
						TestTargetID = 03B3F95522A9F2450019BBBB;
					};
					03B3F97B22A9F2460019BBBB = {
						CreatedOnToolsVersion = 10.1;
						TestTargetID = 03B3F95522A9F2450019BBBB;
					};
				};
			};
			buildConfigurationList = 03B3F95122A9F2450019BBBB /* Build configuration list for PBXProject "EnjoySplicing" */;
			compatibilityVersion = "Xcode 9.3";
			developmentRegion = en;
			hasScannedForEncodings = 0;
			knownRegions = (
				en,
				Base,
			);
			mainGroup = 03B3F94D22A9F2450019BBBB;
			productRefGroup = 03B3F95722A9F2450019BBBB /* Products */;
			projectDirPath = "";
			projectRoot = "";
			targets = (
				03B3F95522A9F2450019BBBB /* EnjoySplicing */,
				03B3F97022A9F2460019BBBB /* EnjoySplicingTests */,
				03B3F97B22A9F2460019BBBB /* EnjoySplicingUITests */,
			);
		};
/* End PBXProject section */

/* Begin PBXResourcesBuildPhase section */
		03B3F95422A9F2450019BBBB /* Resources */ = {
			isa = PBXResourcesBuildPhase;
			buildActionMask = 2147483647;
			files = (
				03B3F96922A9F2460019BBBB /* LaunchScreen.storyboard in Resources */,
				03B3F96622A9F2460019BBBB /* Assets.xcassets in Resources */,
				03B3F96122A9F2450019BBBB /* Main.storyboard in Resources */,
			);
			runOnlyForDeploymentPostprocessing = 0;
		};
		03B3F96F22A9F2460019BBBB /* Resources */ = {
			isa = PBXResourcesBuildPhase;
			buildActionMask = 2147483647;
			files = (
			);
			runOnlyForDeploymentPostprocessing = 0;
		};
		03B3F97A22A9F2460019BBBB /* Resources */ = {
			isa = PBXResourcesBuildPhase;
			buildActionMask = 2147483647;
			files = (
			);
			runOnlyForDeploymentPostprocessing = 0;
		};
/* End PBXResourcesBuildPhase section */

/* Begin PBXSourcesBuildPhase section */
		03B3F95222A9F2450019BBBB /* Sources */ = {
			isa = PBXSourcesBuildPhase;
			buildActionMask = 2147483647;
			files = (
				03B3F95E22A9F2450019BBBB /* ViewController.m in Sources */,
				03B3F96422A9F2450019BBBB /* EnjoySplicing.xcdatamodeld in Sources */,
				03B3F96C22A9F2460019BBBB /* main.m in Sources */,
				03B3F95B22A9F2450019BBBB /* AppDelegate.m in Sources */,
			);
			runOnlyForDeploymentPostprocessing = 0;
		};
		03B3F96D22A9F2460019BBBB /* Sources */ = {
			isa = PBXSourcesBuildPhase;
			buildActionMask = 2147483647;
			files = (
				03B3F97622A9F2460019BBBB /* EnjoySplicingTests.m in Sources */,
			);
			runOnlyForDeploymentPostprocessing = 0;
		};
		03B3F97822A9F2460019BBBB /* Sources */ = {
			isa = PBXSourcesBuildPhase;
			buildActionMask = 2147483647;
			files = (
				03B3F98122A9F2460019BBBB /* EnjoySplicingUITests.m in Sources */,
			);
			runOnlyForDeploymentPostprocessing = 0;
		};
/* End PBXSourcesBuildPhase section */

/* Begin PBXTargetDependency section */
		03B3F97322A9F2460019BBBB /* PBXTargetDependency */ = {
			isa = PBXTargetDependency;
			target = 03B3F95522A9F2450019BBBB /* EnjoySplicing */;
			targetProxy = 03B3F97222A9F2460019BBBB /* PBXContainerItemProxy */;
		};
		03B3F97E22A9F2460019BBBB /* PBXTargetDependency */ = {
			isa = PBXTargetDependency;
			target = 03B3F95522A9F2450019BBBB /* EnjoySplicing */;
			targetProxy = 03B3F97D22A9F2460019BBBB /* PBXContainerItemProxy */;
		};
/* End PBXTargetDependency section */

/* Begin PBXVariantGroup section */
		03B3F95F22A9F2450019BBBB /* Main.storyboard */ = {
			isa = PBXVariantGroup;
			children = (
				03B3F96022A9F2450019BBBB /* Base */,
			);
			name = Main.storyboard;
			sourceTree = "<group>";
		};
		03B3F96722A9F2460019BBBB /* LaunchScreen.storyboard */ = {
			isa = PBXVariantGroup;
			children = (
				03B3F96822A9F2460019BBBB /* Base */,
			);
			name = LaunchScreen.storyboard;
			sourceTree = "<group>";
		};
/* End PBXVariantGroup section */

/* Begin XCBuildConfiguration section */
		03B3F98322A9F2460019BBBB /* Debug */ = {
			isa = XCBuildConfiguration;
			buildSettings = {
				ALWAYS_SEARCH_USER_PATHS = NO;
				CLANG_ANALYZER_NONNULL = YES;
				CLANG_ANALYZER_NUMBER_OBJECT_CONVERSION = YES_AGGRESSIVE;
				CLANG_CXX_LANGUAGE_STANDARD = "gnu++14";
				CLANG_CXX_LIBRARY = "libc++";
				CLANG_ENABLE_MODULES = YES;
				CLANG_ENABLE_OBJC_ARC = YES;
				CLANG_ENABLE_OBJC_WEAK = YES;
				CLANG_WARN_BLOCK_CAPTURE_AUTORELEASING = YES;
				CLANG_WARN_BOOL_CONVERSION = YES;
				CLANG_WARN_COMMA = YES;
				CLANG_WARN_CONSTANT_CONVERSION = YES;
				CLANG_WARN_DEPRECATED_OBJC_IMPLEMENTATIONS = YES;
				CLANG_WARN_DIRECT_OBJC_ISA_USAGE = YES_ERROR;
				CLANG_WARN_DOCUMENTATION_COMMENTS = YES;
				CLANG_WARN_EMPTY_BODY = YES;
				CLANG_WARN_ENUM_CONVERSION = YES;
				CLANG_WARN_INFINITE_RECURSION = YES;
				CLANG_WARN_INT_CONVERSION = YES;
				CLANG_WARN_NON_LITERAL_NULL_CONVERSION = YES;
				CLANG_WARN_OBJC_IMPLICIT_RETAIN_SELF = YES;
				CLANG_WARN_OBJC_LITERAL_CONVERSION = YES;
				CLANG_WARN_OBJC_ROOT_CLASS = YES_ERROR;
				CLANG_WARN_RANGE_LOOP_ANALYSIS = YES;
				CLANG_WARN_STRICT_PROTOTYPES = YES;
				CLANG_WARN_SUSPICIOUS_MOVE = YES;
				CLANG_WARN_UNGUARDED_AVAILABILITY = YES_AGGRESSIVE;
				CLANG_WARN_UNREACHABLE_CODE = YES;
				CLANG_WARN__DUPLICATE_METHOD_MATCH = YES;
				CODE_SIGN_IDENTITY = "iPhone Developer";
				COPY_PHASE_STRIP = NO;
				DEBUG_INFORMATION_FORMAT = dwarf;
				ENABLE_STRICT_OBJC_MSGSEND = YES;
				ENABLE_TESTABILITY = YES;
				GCC_C_LANGUAGE_STANDARD = gnu11;
				GCC_DYNAMIC_NO_PIC = NO;
				GCC_NO_COMMON_BLOCKS = YES;
				GCC_OPTIMIZATION_LEVEL = 0;
				GCC_PREPROCESSOR_DEFINITIONS = (
					"DEBUG=1",
					"$(inherited)",
				);
				GCC_WARN_64_TO_32_BIT_CONVERSION = YES;
				GCC_WARN_ABOUT_RETURN_TYPE = YES_ERROR;
				GCC_WARN_UNDECLARED_SELECTOR = YES;
				GCC_WARN_UNINITIALIZED_AUTOS = YES_AGGRESSIVE;
				GCC_WARN_UNUSED_FUNCTION = YES;
				GCC_WARN_UNUSED_VARIABLE = YES;
				IPHONEOS_DEPLOYMENT_TARGET = 12.1;
				MTL_ENABLE_DEBUG_INFO = INCLUDE_SOURCE;
				MTL_FAST_MATH = YES;
				ONLY_ACTIVE_ARCH = YES;
				SDKROOT = iphoneos;
			};
			name = Debug;
		};
		03B3F98422A9F2460019BBBB /* Release */ = {
			isa = XCBuildConfiguration;
			buildSettings = {
				ALWAYS_SEARCH_USER_PATHS = NO;
				CLANG_ANALYZER_NONNULL = YES;
				CLANG_ANALYZER_NUMBER_OBJECT_CONVERSION = YES_AGGRESSIVE;
				CLANG_CXX_LANGUAGE_STANDARD = "gnu++14";
				CLANG_CXX_LIBRARY = "libc++";
				CLANG_ENABLE_MODULES = YES;
				CLANG_ENABLE_OBJC_ARC = YES;
				CLANG_ENABLE_OBJC_WEAK = YES;
				CLANG_WARN_BLOCK_CAPTURE_AUTORELEASING = YES;
				CLANG_WARN_BOOL_CONVERSION = YES;
				CLANG_WARN_COMMA = YES;
				CLANG_WARN_CONSTANT_CONVERSION = YES;
				CLANG_WARN_DEPRECATED_OBJC_IMPLEMENTATIONS = YES;
				CLANG_WARN_DIRECT_OBJC_ISA_USAGE = YES_ERROR;
				CLANG_WARN_DOCUMENTATION_COMMENTS = YES;
				CLANG_WARN_EMPTY_BODY = YES;
				CLANG_WARN_ENUM_CONVERSION = YES;
				CLANG_WARN_INFINITE_RECURSION = YES;
				CLANG_WARN_INT_CONVERSION = YES;
				CLANG_WARN_NON_LITERAL_NULL_CONVERSION = YES;
				CLANG_WARN_OBJC_IMPLICIT_RETAIN_SELF = YES;
				CLANG_WARN_OBJC_LITERAL_CONVERSION = YES;
				CLANG_WARN_OBJC_ROOT_CLASS = YES_ERROR;
				CLANG_WARN_RANGE_LOOP_ANALYSIS = YES;
				CLANG_WARN_STRICT_PROTOTYPES = YES;
				CLANG_WARN_SUSPICIOUS_MOVE = YES;
				CLANG_WARN_UNGUARDED_AVAILABILITY = YES_AGGRESSIVE;
				CLANG_WARN_UNREACHABLE_CODE = YES;
				CLANG_WARN__DUPLICATE_METHOD_MATCH = YES;
				CODE_SIGN_IDENTITY = "iPhone Developer";
				COPY_PHASE_STRIP = NO;
				DEBUG_INFORMATION_FORMAT = "dwarf-with-dsym";
				ENABLE_NS_ASSERTIONS = NO;
				ENABLE_STRICT_OBJC_MSGSEND = YES;
				GCC_C_LANGUAGE_STANDARD = gnu11;
				GCC_NO_COMMON_BLOCKS = YES;
				GCC_WARN_64_TO_32_BIT_CONVERSION = YES;
				GCC_WARN_ABOUT_RETURN_TYPE = YES_ERROR;
				GCC_WARN_UNDECLARED_SELECTOR = YES;
				GCC_WARN_UNINITIALIZED_AUTOS = YES_AGGRESSIVE;
				GCC_WARN_UNUSED_FUNCTION = YES;
				GCC_WARN_UNUSED_VARIABLE = YES;
				IPHONEOS_DEPLOYMENT_TARGET = 12.1;
				MTL_ENABLE_DEBUG_INFO = NO;
				MTL_FAST_MATH = YES;
				SDKROOT = iphoneos;
				VALIDATE_PRODUCT = YES;
			};
			name = Release;
		};
		03B3F98622A9F2460019BBBB /* Debug */ = {
			isa = XCBuildConfiguration;
			buildSettings = {
				ASSETCATALOG_COMPILER_APPICON_NAME = AppIcon;
				CODE_SIGN_STYLE = Automatic;
				INFOPLIST_FILE = EnjoySplicing/Info.plist;
				LD_RUNPATH_SEARCH_PATHS = (
					"$(inherited)",
					"@executable_path/Frameworks",
				);
				PRODUCT_BUNDLE_IDENTIFIER = EnjoySplicing.EnjoySplicing;
				PRODUCT_NAME = "$(TARGET_NAME)";
				TARGETED_DEVICE_FAMILY = "1,2";
			};
			name = Debug;
		};
		03B3F98722A9F2460019BBBB /* Release */ = {
			isa = XCBuildConfiguration;
			buildSettings = {
				ASSETCATALOG_COMPILER_APPICON_NAME = AppIcon;
				CODE_SIGN_STYLE = Automatic;
				INFOPLIST_FILE = EnjoySplicing/Info.plist;
				LD_RUNPATH_SEARCH_PATHS = (
					"$(inherited)",
					"@executable_path/Frameworks",
				);
				PRODUCT_BUNDLE_IDENTIFIER = EnjoySplicing.EnjoySplicing;
				PRODUCT_NAME = "$(TARGET_NAME)";
				TARGETED_DEVICE_FAMILY = "1,2";
			};
			name = Release;
		};
		03B3F98922A9F2460019BBBB /* Debug */ = {
			isa = XCBuildConfiguration;
			buildSettings = {
				BUNDLE_LOADER = "$(TEST_HOST)";
				CODE_SIGN_STYLE = Automatic;
				INFOPLIST_FILE = EnjoySplicingTests/Info.plist;
				LD_RUNPATH_SEARCH_PATHS = (
					"$(inherited)",
					"@executable_path/Frameworks",
					"@loader_path/Frameworks",
				);
				PRODUCT_BUNDLE_IDENTIFIER = EnjoySplicing.EnjoySplicingTests;
				PRODUCT_NAME = "$(TARGET_NAME)";
				TARGETED_DEVICE_FAMILY = "1,2";
				TEST_HOST = "$(BUILT_PRODUCTS_DIR)/EnjoySplicing.app/EnjoySplicing";
			};
			name = Debug;
		};
		03B3F98A22A9F2460019BBBB /* Release */ = {
			isa = XCBuildConfiguration;
			buildSettings = {
				BUNDLE_LOADER = "$(TEST_HOST)";
				CODE_SIGN_STYLE = Automatic;
				INFOPLIST_FILE = EnjoySplicingTests/Info.plist;
				LD_RUNPATH_SEARCH_PATHS = (
					"$(inherited)",
					"@executable_path/Frameworks",
					"@loader_path/Frameworks",
				);
				PRODUCT_BUNDLE_IDENTIFIER = EnjoySplicing.EnjoySplicingTests;
				PRODUCT_NAME = "$(TARGET_NAME)";
				TARGETED_DEVICE_FAMILY = "1,2";
				TEST_HOST = "$(BUILT_PRODUCTS_DIR)/EnjoySplicing.app/EnjoySplicing";
			};
			name = Release;
		};
		03B3F98C22A9F2460019BBBB /* Debug */ = {
			isa = XCBuildConfiguration;
			buildSettings = {
				CODE_SIGN_STYLE = Automatic;
				INFOPLIST_FILE = EnjoySplicingUITests/Info.plist;
				LD_RUNPATH_SEARCH_PATHS = (
					"$(inherited)",
					"@executable_path/Frameworks",
					"@loader_path/Frameworks",
				);
				PRODUCT_BUNDLE_IDENTIFIER = EnjoySplicing.EnjoySplicingUITests;
				PRODUCT_NAME = "$(TARGET_NAME)";
				TARGETED_DEVICE_FAMILY = "1,2";
				TEST_TARGET_NAME = EnjoySplicing;
			};
			name = Debug;
		};
		03B3F98D22A9F2460019BBBB /* Release */ = {
			isa = XCBuildConfiguration;
			buildSettings = {
				CODE_SIGN_STYLE = Automatic;
				INFOPLIST_FILE = EnjoySplicingUITests/Info.plist;
				LD_RUNPATH_SEARCH_PATHS = (
					"$(inherited)",
					"@executable_path/Frameworks",
					"@loader_path/Frameworks",
				);
				PRODUCT_BUNDLE_IDENTIFIER = EnjoySplicing.EnjoySplicingUITests;
				PRODUCT_NAME = "$(TARGET_NAME)";
				TARGETED_DEVICE_FAMILY = "1,2";
				TEST_TARGET_NAME = EnjoySplicing;
			};
			name = Release;
		};
/* End XCBuildConfiguration section */

/* Begin XCConfigurationList section */
		03B3F95122A9F2450019BBBB /* Build configuration list for PBXProject "EnjoySplicing" */ = {
			isa = XCConfigurationList;
			buildConfigurations = (
				03B3F98322A9F2460019BBBB /* Debug */,
				03B3F98422A9F2460019BBBB /* Release */,
			);
			defaultConfigurationIsVisible = 0;
			defaultConfigurationName = Release;
		};
		03B3F98522A9F2460019BBBB /* Build configuration list for PBXNativeTarget "EnjoySplicing" */ = {
			isa = XCConfigurationList;
			buildConfigurations = (
				03B3F98622A9F2460019BBBB /* Debug */,
				03B3F98722A9F2460019BBBB /* Release */,
			);
			defaultConfigurationIsVisible = 0;
			defaultConfigurationName = Release;
		};
		03B3F98822A9F2460019BBBB /* Build configuration list for PBXNativeTarget "EnjoySplicingTests" */ = {
			isa = XCConfigurationList;
			buildConfigurations = (
				03B3F98922A9F2460019BBBB /* Debug */,
				03B3F98A22A9F2460019BBBB /* Release */,
			);
			defaultConfigurationIsVisible = 0;
			defaultConfigurationName = Release;
		};
		03B3F98B22A9F2460019BBBB /* Build configuration list for PBXNativeTarget "EnjoySplicingUITests" */ = {
			isa = XCConfigurationList;
			buildConfigurations = (
				03B3F98C22A9F2460019BBBB /* Debug */,
				03B3F98D22A9F2460019BBBB /* Release */,
			);
			defaultConfigurationIsVisible = 0;
			defaultConfigurationName = Release;
		};
/* End XCConfigurationList section */

/* Begin XCVersionGroup section */
		03B3F96222A9F2450019BBBB /* EnjoySplicing.xcdatamodeld */ = {
			isa = XCVersionGroup;
			children = (
				03B3F96322A9F2450019BBBB /* EnjoySplicing.xcdatamodel */,
			);
			currentVersion = 03B3F96322A9F2450019BBBB /* EnjoySplicing.xcdatamodel */;
			path = EnjoySplicing.xcdatamodeld;
			sourceTree = "<group>";
			versionGroupType = wrapper.xcdatamodel;
		};
/* End XCVersionGroup section */
	};
	rootObject = 03B3F94E22A9F2450019BBBB /* Project object */;
}
